github.com/aionbit/ixo-plugins/guard v0.0.0-20250722042438-beb29f8eda11 h1:ELfdtcl9te7z31rgCFvAFTfDm7nybcuxTfaeka071BA=
github.com/aionbit/ixo-plugins/guard v0.0.0-20250722042438-beb29f8eda11/go.mod h1:6hLjJ0X+F7R3GCRkqjL5tIIMer+/RFKdNAjvMEs9DoQ=
github.com/aionbit/ixo-plugins/plugin v0.0.0-20250722042438-beb29f8eda11 h1:jgt9jA03ApGauV69QeAsA2iy58syDwsln0cdVzIbuX8=
github.com/aionbit/ixo-plugins/plugin v0.0.0-20250722042438-beb29f8eda11/go.mod h1:wwLL8oGlElpjtbOkTNAZWnVA7oE7Ei77CnAat0vzXMg=
github.com/golang-jwt/jwt/v5 v5.2.3 h1:kkGXqQOBSDDWRhWNXTFpqGSCMyh/PLnqUvMGJPDJDs0=
github.com/golang-jwt/jwt/v5 v5.2.3/go.mod h1:pqrtFR0X4osieyHYxtmOUWsAWrfe1Q5UVIyoH402zdk=
github.com/mitchellh/mapstructure v1.5.0 h1:jeMsZIYE/09sWLaz43PL7Gy6RuMjD2eJVyuac5Z2hdY=
github.com/mitchellh/mapstructure v1.5.0/go.mod h1:bFUtVrKA4DC2yAKiSyO/QUcy7e+RRV2QTWOzhPopBRo=
